
Microsoft Visual Studio Solution File, Format Version 12.00
# Visual Studio Version 17
VisualStudioVersion = 17.5.33530.505
MinimumVisualStudioVersion = 10.0.40219.1
Project("{FAE04EC0-301F-11D3-BF4B-00C04F79EFBC}") = "TrackTraceService", "TrackTraceService\TrackTraceService.csproj", "{295C80AF-4899-447B-B792-8FC3595F5EC2}"
EndProject
Global
	GlobalSection(SolutionConfigurationPlatforms) = preSolution
		Debug|Any CPU = Debug|Any CPU
		Release|Any CPU = Release|Any CPU
	EndGlobalSection
	GlobalSection(ProjectConfigurationPlatforms) = postSolution
		{295C80AF-4899-447B-B792-8FC3595F5EC2}.Debug|Any CPU.ActiveCfg = Debug|Any CPU
		{295C80AF-4899-447B-B792-8FC3595F5EC2}.Debug|Any CPU.Build.0 = Debug|Any CPU
		{295C80AF-4899-447B-B792-8FC3595F5EC2}.Release|Any CPU.ActiveCfg = Release|Any CPU
		{295C80AF-4899-447B-B792-8FC3595F5EC2}.Release|Any CPU.Build.0 = Release|Any CPU
	EndGlobalSection
	GlobalSection(SolutionProperties) = preSolution
		HideSolutionNode = FALSE
	EndGlobalSection
	GlobalSection(ExtensibilityGlobals) = postSolution
		SolutionGuid = {697DCFB8-873F-40DD-8A6B-27D3B70B5879}
	EndGlobalSection
EndGlobal
